# THIS IS AN AUTOGENERATED FILE. DO NOT EDIT THIS FILE DIRECTLY.
# yarn lockfile v1


immutable@^4.0.0:
  version "4.3.4"
  resolved "https://registry.yarnpkg.com/immutable/-/immutable-4.3.4.tgz#2e07b33837b4bb7662f288c244d1ced1ef65a78f"
  integrity sha512-fsXeu4J4i6WNWSikpI88v/PcVflZz+6kMhUfIwc5SY+poQRPnaf5V7qds6SUyUN3cVxEzuCab7QIoLOQ+DQ1wA==

typescript@^4.5.5:
  version "4.9.5"
  resolved "https://registry.yarnpkg.com/typescript/-/typescript-4.9.5.tgz#095979f9bcc0d09da324d58d03ce8f8374cbe65a"
  integrity sha512-1FXk9E2Hm+QzZQ7z+McJiHL4NW1F2EzMu9Nq9i3zAaGqibafqYwCVU6WyWAuyQRRzOlxou8xZSyXLEN8oKj24g==
