# THIS IS AN AUTOGENERATED FILE. DO NOT EDIT THIS FILE DIRECTLY.
# yarn lockfile v1


immutable@^5.0.0-beta.5:
  version "5.0.0-beta.5"
  resolved "https://registry.yarnpkg.com/immutable/-/immutable-5.0.0-beta.5.tgz#57dcaeadefae61ebc2d3feb6ea5b584a65282b61"
  integrity sha512-1RO6wxfJdh/uyWb2MTn3RuCPXYmpRiAhoKm8vEnA50+2Gy0j++6GBtu5q6sq2d4tpcL+e1sCHzk8NkWnRhT2/Q==

typescript@^5.3.3:
  version "5.3.3"
  resolved "https://registry.yarnpkg.com/typescript/-/typescript-5.3.3.tgz#b3ce6ba258e72e6305ba66f5c9b452aaee3ffe37"
  integrity sha512-pXWcraxM0uxAS+tN0AG/BF2TyqmHO014Z070UsJ+pFvYuRSq8KH8DmWpnbXe0pEPDHXZV3FcAbJkijJ5oNEnWw==
