# THIS IS AN AUTOGENERATED FILE. DO NOT EDIT THIS FILE DIRECTLY.
# yarn lockfile v1


"@types/node@^8.0.51":
  version "8.5.9"
  resolved "https://registry.yarnpkg.com/@types/node/-/node-8.5.9.tgz#7155cfb4ae405bca4dd8df1a214c339e939109bf"

immutable@^3.8.2:
  version "3.8.2"
  resolved "https://registry.yarnpkg.com/immutable/-/immutable-3.8.2.tgz#c2439951455bb39913daf281376f1530e104adf3"

ts-bccc@^1.0.11:
  version "1.0.11"
  resolved "https://registry.yarnpkg.com/ts-bccc/-/ts-bccc-1.0.11.tgz#4a8803a4863ea8f5a04617b630dd9efd68c4a708"
  dependencies:
    "@types/node" "^8.0.51"
    immutable "^3.8.2"

typescript@^2.7.1:
  version "2.7.1"
  resolved "https://registry.yarnpkg.com/typescript/-/typescript-2.7.1.tgz#bb3682c2c791ac90e7c6210b26478a8da085c359"
