# THIS IS AN AUTOGENERATED FILE. DO NOT EDIT THIS FILE DIRECTLY.
# yarn lockfile v1


"@module-federation/runtime-tools@0.0.8":
  version "0.0.8"
  resolved "https://registry.yarnpkg.com/@module-federation/runtime-tools/-/runtime-tools-0.0.8.tgz#0db5650433ce110080addf6d98986a89c47da705"
  integrity sha512-tqx3wlVHnpWLk+vn22c0x9Nv1BqdZnoS6vdMb53IsVpbQIFP70nhhvymHUyFuPkoLzMFidS7GpG58DYT/4lvCw==
  dependencies:
    "@module-federation/runtime" "0.0.8"
    "@module-federation/webpack-bundler-runtime" "0.0.8"

"@module-federation/runtime@0.0.8":
  version "0.0.8"
  resolved "https://registry.yarnpkg.com/@module-federation/runtime/-/runtime-0.0.8.tgz#21929e1e7499d9f01f8c93abd71620815ca9db95"
  integrity sha512-Hi9g10aHxHdQ7CbchSvke07YegYwkf162XPOmixNmJr5Oy4wVa2d9yIVSrsWFhBRbbvM5iJP6GrSuEq6HFO3ug==
  dependencies:
    "@module-federation/sdk" "0.0.8"

"@module-federation/sdk@0.0.8":
  version "0.0.8"
  resolved "https://registry.yarnpkg.com/@module-federation/sdk/-/sdk-0.0.8.tgz#caaae677b06a22be8c6b3f10e1c58a112a6f8830"
  integrity sha512-lkasywBItjUTNT0T0IskonDE2E/2tXE9UhUCPVoDL3NteDUSFGg4tpkF+cey1pD8mHh0XJcGrCuOW7s96peeAg==

"@module-federation/webpack-bundler-runtime@0.0.8":
  version "0.0.8"
  resolved "https://registry.yarnpkg.com/@module-federation/webpack-bundler-runtime/-/webpack-bundler-runtime-0.0.8.tgz#fbe9a71c5852e44625e362bbec16be184289908e"
  integrity sha512-ULwrTVzF47+6XnWybt6SIq97viEYJRv4P/DByw5h7PSX9PxSGyMm5pHfXdhcb7tno7VknL0t2V8F48fetVL9kA==
  dependencies:
    "@module-federation/runtime" "0.0.8"
    "@module-federation/sdk" "0.0.8"

"@rsbuild/core@^0.5.1":
  version "0.5.1"
  resolved "https://registry.yarnpkg.com/@rsbuild/core/-/core-0.5.1.tgz#b06a8ef175e79f7593a26a7da707fe98b617c1f1"
  integrity sha512-xpWRETHgRUmEgmKhK03PloiiYZ455myyGkc0VTionCLUSpdT+jyTtDUW0T+rNvHkgukH20fVvjpwMbQnT19vXw==
  dependencies:
    "@rsbuild/shared" "0.5.1"
    "@rspack/core" "0.5.8"
    "@swc/helpers" "0.5.3"
    core-js "~3.36.0"
    html-webpack-plugin "npm:html-rspack-plugin@5.6.2"
    postcss "^8.4.33"

"@rsbuild/plugin-react@^0.5.1":
  version "0.5.1"
  resolved "https://registry.yarnpkg.com/@rsbuild/plugin-react/-/plugin-react-0.5.1.tgz#be6baa415437381ca0756d8e039ac8e32bb8b01a"
  integrity sha512-5GkLJj/Ht+6HUOGMSXK3v3lfe4ldkaPBtKLd11XUrvGkgPrOAYHZvzF6vLSZaM2yJRr0irLTMYYTBrK+D2Iypw==
  dependencies:
    "@rsbuild/shared" "0.5.1"
    "@rspack/plugin-react-refresh" "0.5.8"
    react-refresh "^0.14.0"

"@rsbuild/shared@0.5.1":
  version "0.5.1"
  resolved "https://registry.yarnpkg.com/@rsbuild/shared/-/shared-0.5.1.tgz#5dae0e47647ebe3379d379e0d703a44f34e1eca4"
  integrity sha512-jBa4Cm91s/1KBcDs1MgGqYbaGRtmSjJK9BQeFV1dKvQoxpXViwOO457EBmOb+T28Dy6hNJK/1f9Uza5qQ4/7Tg==
  dependencies:
    "@rspack/core" "0.5.8"
    caniuse-lite "^1.0.30001583"
    postcss "^8.4.33"

"@rspack/binding-darwin-arm64@0.5.8":
  version "0.5.8"
  resolved "https://registry.yarnpkg.com/@rspack/binding-darwin-arm64/-/binding-darwin-arm64-0.5.8.tgz#f16d937dca8da89663264553436727475a2ddbd2"
  integrity sha512-kvz2f9bMoFOEuXJ/fyJzOWuNXq5EvQhA19cqgwrDRQgfc5sQ0qv2vW3qI5v2oVOHccQBwKHkVTHHDn5vWlnRsQ==

"@rspack/binding-darwin-x64@0.5.8":
  version "0.5.8"
  resolved "https://registry.yarnpkg.com/@rspack/binding-darwin-x64/-/binding-darwin-x64-0.5.8.tgz#c2efd3a5195247ede6b5371d44928759dab554db"
  integrity sha512-TgVtKntzOGcIczogZXMWqqXrvK07XjRnz1ES56RYfsOVvzTEmldvX5S+pQIwYzCt7fNddIMl9muHa9qYswzFbQ==

"@rspack/binding-linux-arm64-gnu@0.5.8":
  version "0.5.8"
  resolved "https://registry.yarnpkg.com/@rspack/binding-linux-arm64-gnu/-/binding-linux-arm64-gnu-0.5.8.tgz#71b6fbd4f5870303d331bd24255295d2fa566476"
  integrity sha512-g+4ddgEpK+R50mqKs6jPr7IiPGpukabbSBSYGGezErHMMAfgSxuRQ1IGP/pOOHQXXmHJbrbqk4Ow56vE0fKZnQ==

"@rspack/binding-linux-arm64-musl@0.5.8":
  version "0.5.8"
  resolved "https://registry.yarnpkg.com/@rspack/binding-linux-arm64-musl/-/binding-linux-arm64-musl-0.5.8.tgz#7a6723327c2b92e0789433a78a3de1f3c21b26d9"
  integrity sha512-MistQCUYkcwb4u3XTnmwGimxD161LlRZqP/7PPrInaBNCpYQYnXI4RX6RhMgusnjaW406N0XBS94Q9QNwujyxg==

"@rspack/binding-linux-x64-gnu@0.5.8":
  version "0.5.8"
  resolved "https://registry.yarnpkg.com/@rspack/binding-linux-x64-gnu/-/binding-linux-x64-gnu-0.5.8.tgz#f1e4a249ed745a5119a1ffb6b5f9478d16089f1b"
  integrity sha512-DlsCXeSZKKOh7T8uwIcUgbOXLcsoUVCHkWx04GDBi09OYHjrT+dc1Iqpy5uHcIScRWjtVgGnOb6M9EsyABNoAw==

"@rspack/binding-linux-x64-musl@0.5.8":
  version "0.5.8"
  resolved "https://registry.yarnpkg.com/@rspack/binding-linux-x64-musl/-/binding-linux-x64-musl-0.5.8.tgz#528809a0dd5158cef3f69302e9dfdae7e6057367"
  integrity sha512-B4V5wFGig+WCNbeOwU6O8rvxzu9sONUML6YEe/NiR+e9NLsYemEQG8volZVQ4WM/SDii6G4h9z/2jEoGXcfRsQ==

"@rspack/binding-win32-arm64-msvc@0.5.8":
  version "0.5.8"
  resolved "https://registry.yarnpkg.com/@rspack/binding-win32-arm64-msvc/-/binding-win32-arm64-msvc-0.5.8.tgz#abb716531aff93616c5421a0820e14c7a2919247"
  integrity sha512-ubWsFoJkUQNOt1w1WDQCk5UvFPOII/dNj/orpEe+NPveEn6i+im2euK+6fKucmDrXAyC1ZhEzjJeFMjcvyS9Dg==

"@rspack/binding-win32-ia32-msvc@0.5.8":
  version "0.5.8"
  resolved "https://registry.yarnpkg.com/@rspack/binding-win32-ia32-msvc/-/binding-win32-ia32-msvc-0.5.8.tgz#a2d78ddab743bd33e5b14921af7763c87a8b037f"
  integrity sha512-NPwkNbEe/IY/I93E07q3p7AM4rLDLkpgTzBPFhi6jgNzK8k/eGAUIdaEDJhEkWzsI8o8m7I5XlJyxrmK5/SWFw==

"@rspack/binding-win32-x64-msvc@0.5.8":
  version "0.5.8"
  resolved "https://registry.yarnpkg.com/@rspack/binding-win32-x64-msvc/-/binding-win32-x64-msvc-0.5.8.tgz#7df82834179531964294798a2d511d7ad9706fd4"
  integrity sha512-ox+PdrWh5VjI3G2GCLoXJ0eZ/lLgxPQsmGkyjikJyaIuetWtMun8khvaoAspnSw3FzHCEbA62vs0ot8YV3DggQ==

"@rspack/binding@0.5.8":
  version "0.5.8"
  resolved "https://registry.yarnpkg.com/@rspack/binding/-/binding-0.5.8.tgz#8ec8cc2052f3f90281d282363d7290399e98e583"
  integrity sha512-RDiiBDeIwCPtqQ/CYMXoFqstaJVGZu3KoUKeuJoiN+TO77OAC0fRs7J/BvV+KLoF35SFpe/XnSLCkv+Nkk9/ow==
  optionalDependencies:
    "@rspack/binding-darwin-arm64" "0.5.8"
    "@rspack/binding-darwin-x64" "0.5.8"
    "@rspack/binding-linux-arm64-gnu" "0.5.8"
    "@rspack/binding-linux-arm64-musl" "0.5.8"
    "@rspack/binding-linux-x64-gnu" "0.5.8"
    "@rspack/binding-linux-x64-musl" "0.5.8"
    "@rspack/binding-win32-arm64-msvc" "0.5.8"
    "@rspack/binding-win32-ia32-msvc" "0.5.8"
    "@rspack/binding-win32-x64-msvc" "0.5.8"

"@rspack/core@0.5.8":
  version "0.5.8"
  resolved "https://registry.yarnpkg.com/@rspack/core/-/core-0.5.8.tgz#945ae633329ee33f2179ea26ed045b485542ee64"
  integrity sha512-F7NiiLCE//5JXsEmS36DcIUiSyi5sylZZ5MKw9ABSGrtqVDB23oOjUxP1kt/Wo6npf0V2eVuAHpoudwJ1lUmhQ==
  dependencies:
    "@module-federation/runtime-tools" "0.0.8"
    "@rspack/binding" "0.5.8"
    browserslist "^4.21.3"
    enhanced-resolve "5.12.0"
    events "^3.3.0"
    graceful-fs "4.2.10"
    json-parse-even-better-errors "^3.0.0"
    neo-async "2.6.2"
    tapable "2.2.1"
    watchpack "^2.4.0"
    webpack-sources "3.2.3"
    zod "^3.21.4"
    zod-validation-error "1.3.1"

"@rspack/plugin-react-refresh@0.5.8":
  version "0.5.8"
  resolved "https://registry.yarnpkg.com/@rspack/plugin-react-refresh/-/plugin-react-refresh-0.5.8.tgz#6bd1b0b72a9e13b5333a55150684ba85ee3016f0"
  integrity sha512-y6wp0r4u+QxReP5DmKI2MTG5VfOATHIsFmbujhrM/C1Afon7azGZL7by7Rn+pc6A2ul2jigTph7Mlp7vVC3tbQ==

"@swc/helpers@0.5.3":
  version "0.5.3"
  resolved "https://registry.yarnpkg.com/@swc/helpers/-/helpers-0.5.3.tgz#98c6da1e196f5f08f977658b80d6bd941b5f294f"
  integrity sha512-FaruWX6KdudYloq1AHD/4nU+UsMTdNE8CKyrseXWEcgjDAbvkwJg2QGPAnfIJLIWsjZOSPLOAykK6fuYp4vp4A==
  dependencies:
    tslib "^2.4.0"

"@types/prop-types@*":
  version "15.7.11"
  resolved "https://registry.yarnpkg.com/@types/prop-types/-/prop-types-15.7.11.tgz#2596fb352ee96a1379c657734d4b913a613ad563"
  integrity sha512-ga8y9v9uyeiLdpKddhxYQkxNDrfvuPrlFb0N1qnZZByvcElJaXthF1UhvCh9TLWJBEHeNtdnbysW7Y6Uq8CVng==

"@types/react-dom@^18.2.18":
  version "18.2.22"
  resolved "https://registry.yarnpkg.com/@types/react-dom/-/react-dom-18.2.22.tgz#d332febf0815403de6da8a97e5fe282cbe609bae"
  integrity sha512-fHkBXPeNtfvri6gdsMYyW+dW7RXFo6Ad09nLFK0VQWR7yGLai/Cyvyj696gbwYvBnhGtevUG9cET0pmUbMtoPQ==
  dependencies:
    "@types/react" "*"

"@types/react@*", "@types/react@^18.2.47":
  version "18.2.67"
  resolved "https://registry.yarnpkg.com/@types/react/-/react-18.2.67.tgz#96b7af0b5e79c756f4bdd981de2ca28472c858e5"
  integrity sha512-vkIE2vTIMHQ/xL0rgmuoECBCkZFZeHr49HeWSc24AptMbNRo7pwSBvj73rlJJs9fGKj0koS+V7kQB1jHS0uCgw==
  dependencies:
    "@types/prop-types" "*"
    "@types/scheduler" "*"
    csstype "^3.0.2"

"@types/scheduler@*":
  version "0.16.8"
  resolved "https://registry.yarnpkg.com/@types/scheduler/-/scheduler-0.16.8.tgz#ce5ace04cfeabe7ef87c0091e50752e36707deff"
  integrity sha512-WZLiwShhwLRmeV6zH+GkbOFT6Z6VklCItrDioxUnv+u4Ll+8vKeFySoFyK/0ctcRpOmwAicELfmys1sDc/Rw+A==

browserslist@^4.21.3:
  version "4.23.0"
  resolved "https://registry.yarnpkg.com/browserslist/-/browserslist-4.23.0.tgz#8f3acc2bbe73af7213399430890f86c63a5674ab"
  integrity sha512-QW8HiM1shhT2GuzkvklfjcKDiWFXHOeFCIA/huJPwHsslwcydgk7X+z2zXpEijP98UCY7HbubZt5J2Zgvf0CaQ==
  dependencies:
    caniuse-lite "^1.0.30001587"
    electron-to-chromium "^1.4.668"
    node-releases "^2.0.14"
    update-browserslist-db "^1.0.13"

caniuse-lite@^1.0.30001583, caniuse-lite@^1.0.30001587:
  version "1.0.30001599"
  resolved "https://registry.yarnpkg.com/caniuse-lite/-/caniuse-lite-1.0.30001599.tgz#571cf4f3f1506df9bf41fcbb6d10d5d017817bce"
  integrity sha512-LRAQHZ4yT1+f9LemSMeqdMpMxZcc4RMWdj4tiFe3G8tNkWK+E58g+/tzotb5cU6TbcVJLr4fySiAW7XmxQvZQA==

core-js@~3.36.0:
  version "3.36.1"
  resolved "https://registry.yarnpkg.com/core-js/-/core-js-3.36.1.tgz#c97a7160ebd00b2de19e62f4bbd3406ab720e578"
  integrity sha512-BTvUrwxVBezj5SZ3f10ImnX2oRByMxql3EimVqMysepbC9EeMUOpLwdy6Eoili2x6E4kf+ZUB5k/+Jv55alPfA==

csstype@^3.0.2:
  version "3.1.3"
  resolved "https://registry.yarnpkg.com/csstype/-/csstype-3.1.3.tgz#d80ff294d114fb0e6ac500fbf85b60137d7eff81"
  integrity sha512-M1uQkMl8rQK/szD0LNhtqxIPLpimGm8sOBwU7lLnCpSbTyY3yeU1Vc7l4KT5zT4s/yOxHH5O7tIuuLOCnLADRw==

electron-to-chromium@^1.4.668:
  version "1.4.713"
  resolved "https://registry.yarnpkg.com/electron-to-chromium/-/electron-to-chromium-1.4.713.tgz#7cd8e4083c948f8d0cc686fcfdde97d97fd76556"
  integrity sha512-vDarADhwntXiULEdmWd77g2dV6FrNGa8ecAC29MZ4TwPut2fvosD0/5sJd1qWNNe8HcJFAC+F5Lf9jW1NPtWmw==

enhanced-resolve@5.12.0:
  version "5.12.0"
  resolved "https://registry.yarnpkg.com/enhanced-resolve/-/enhanced-resolve-5.12.0.tgz#300e1c90228f5b570c4d35babf263f6da7155634"
  integrity sha512-QHTXI/sZQmko1cbDoNAa3mJ5qhWUUNAq3vR0/YiD379fWQrcfuoX1+HW2S0MTt7XmoPLapdaDKUtelUSPic7hQ==
  dependencies:
    graceful-fs "^4.2.4"
    tapable "^2.2.0"

escalade@^3.1.1:
  version "3.1.2"
  resolved "https://registry.yarnpkg.com/escalade/-/escalade-3.1.2.tgz#54076e9ab29ea5bf3d8f1ed62acffbb88272df27"
  integrity sha512-ErCHMCae19vR8vQGe50xIsVomy19rg6gFu3+r3jkEO46suLMWBksvVyoGgQV+jOfl84ZSOSlmv6Gxa89PmTGmA==

events@^3.3.0:
  version "3.3.0"
  resolved "https://registry.yarnpkg.com/events/-/events-3.3.0.tgz#31a95ad0a924e2d2c419a813aeb2c4e878ea7400"
  integrity sha512-mQw+2fkQbALzQ7V0MY0IqdnXNOeTtP4r0lN9z7AAawCXgqea7bDii20AYrIBrFd/Hx0M2Ocz6S111CaFkUcb0Q==

glob-to-regexp@^0.4.1:
  version "0.4.1"
  resolved "https://registry.yarnpkg.com/glob-to-regexp/-/glob-to-regexp-0.4.1.tgz#c75297087c851b9a578bd217dd59a92f59fe546e"
  integrity sha512-lkX1HJXwyMcprw/5YUZc2s7DrpAiHB21/V+E1rHUrVNokkvB6bqMzT0VfV6/86ZNabt1k14YOIaT7nDvOX3Iiw==

graceful-fs@4.2.10:
  version "4.2.10"
  resolved "https://registry.yarnpkg.com/graceful-fs/-/graceful-fs-4.2.10.tgz#147d3a006da4ca3ce14728c7aefc287c367d7a6c"
  integrity sha512-9ByhssR2fPVsNZj478qUUbKfmL0+t5BDVyjShtyZZLiK7ZDAArFFfopyOTj0M05wE2tJPisA4iTnnXl2YoPvOA==

graceful-fs@^4.1.2, graceful-fs@^4.2.4:
  version "4.2.11"
  resolved "https://registry.yarnpkg.com/graceful-fs/-/graceful-fs-4.2.11.tgz#4183e4e8bf08bb6e05bbb2f7d2e0c8f712ca40e3"
  integrity sha512-RbJ5/jmFcNNCcDV5o9eTnBLJ/HszWV0P73bc+Ff4nS/rJj+YaS6IGyiOL0VoBYX+l1Wrl3k63h/KrH+nhJ0XvQ==

"html-webpack-plugin@npm:html-rspack-plugin@5.6.2":
  version "5.6.2"
  resolved "https://registry.yarnpkg.com/html-rspack-plugin/-/html-rspack-plugin-5.6.2.tgz#a18ec1d8b8a209f491b10381e3ab881b96256ab8"
  integrity sha512-cPGwV3odvKJ7DBAG/DxF5e0nMMvBl1zGfyDciT2xMETRrIwajwC7LtEB3cf7auoGMK6xJOOLjWJgaKHLu/FzkQ==
  dependencies:
    lodash "^4.17.21"
    tapable "^2.0.0"

"js-tokens@^3.0.0 || ^4.0.0":
  version "4.0.0"
  resolved "https://registry.yarnpkg.com/js-tokens/-/js-tokens-4.0.0.tgz#19203fb59991df98e3a287050d4647cdeaf32499"
  integrity sha512-RdJUflcE3cUzKiMqQgsCu06FPu9UdIJO0beYbPhHN4k6apgJtifcoCtT9bcxOpYBtpD2kCM6Sbzg4CausW/PKQ==

json-parse-even-better-errors@^3.0.0:
  version "3.0.1"
  resolved "https://registry.yarnpkg.com/json-parse-even-better-errors/-/json-parse-even-better-errors-3.0.1.tgz#02bb29fb5da90b5444581749c22cedd3597c6cb0"
  integrity sha512-aatBvbL26wVUCLmbWdCpeu9iF5wOyWpagiKkInA+kfws3sWdBrTnsvN2CKcyCYyUrc7rebNBlK6+kteg7ksecg==

lodash@^4.17.21:
  version "4.17.21"
  resolved "https://registry.yarnpkg.com/lodash/-/lodash-4.17.21.tgz#679591c564c3bffaae8454cf0b3df370c3d6911c"
  integrity sha512-v2kDEe57lecTulaDIuNTPy3Ry4gLGJ6Z1O3vE1krgXZNrsQ+LFTGHVxVjcXPs17LhbZVGedAJv8XZ1tvj5FvSg==

loose-envify@^1.1.0:
  version "1.4.0"
  resolved "https://registry.yarnpkg.com/loose-envify/-/loose-envify-1.4.0.tgz#71ee51fa7be4caec1a63839f7e682d8132d30caf"
  integrity sha512-lyuxPGr/Wfhrlem2CL/UcnUc1zcqKAImBDzukY7Y5F/yQiNdko6+fRLevlw1HgMySw7f611UIY408EtxRSoK3Q==
  dependencies:
    js-tokens "^3.0.0 || ^4.0.0"

nanoid@^3.3.7:
  version "3.3.7"
  resolved "https://registry.yarnpkg.com/nanoid/-/nanoid-3.3.7.tgz#d0c301a691bc8d54efa0a2226ccf3fe2fd656bd8"
  integrity sha512-eSRppjcPIatRIMC1U6UngP8XFcz8MQWGQdt1MTBQ7NaAmvXDfvNxbvWV3x2y6CdEUciCSsDHDQZbhYaB8QEo2g==

neo-async@2.6.2:
  version "2.6.2"
  resolved "https://registry.yarnpkg.com/neo-async/-/neo-async-2.6.2.tgz#b4aafb93e3aeb2d8174ca53cf163ab7d7308305f"
  integrity sha512-Yd3UES5mWCSqR+qNT93S3UoYUkqAZ9lLg8a7g9rimsWmYGK8cVToA4/sF3RrshdyV3sAGMXVUmpMYOw+dLpOuw==

node-releases@^2.0.14:
  version "2.0.14"
  resolved "https://registry.yarnpkg.com/node-releases/-/node-releases-2.0.14.tgz#2ffb053bceb8b2be8495ece1ab6ce600c4461b0b"
  integrity sha512-y10wOWt8yZpqXmOgRo77WaHEmhYQYGNA6y421PKsKYWEK8aW+cqAphborZDhqfyKrbZEN92CN1X2KbafY2s7Yw==

picocolors@^1.0.0:
  version "1.0.0"
  resolved "https://registry.yarnpkg.com/picocolors/-/picocolors-1.0.0.tgz#cb5bdc74ff3f51892236eaf79d68bc44564ab81c"
  integrity sha512-1fygroTLlHu66zi26VoTDv8yRgm0Fccecssto+MhsZ0D/DGW2sm8E8AjW7NU5VVTRt5GxbeZ5qBuJr+HyLYkjQ==

postcss@^8.4.33:
  version "8.4.38"
  resolved "https://registry.yarnpkg.com/postcss/-/postcss-8.4.38.tgz#b387d533baf2054288e337066d81c6bee9db9e0e"
  integrity sha512-Wglpdk03BSfXkHoQa3b/oulrotAkwrlLDRSOb9D0bN86FdRyE9lppSp33aHNPgBa0JKCoB+drFLZkQoRRYae5A==
  dependencies:
    nanoid "^3.3.7"
    picocolors "^1.0.0"
    source-map-js "^1.2.0"

react-dom@^18.2.0:
  version "18.2.0"
  resolved "https://registry.yarnpkg.com/react-dom/-/react-dom-18.2.0.tgz#22aaf38708db2674ed9ada224ca4aa708d821e3d"
  integrity sha512-6IMTriUmvsjHUjNtEDudZfuDQUoWXVxKHhlEGSk81n4YFS+r/Kl99wXiwlVXtPBtJenozv2P+hxDsw9eA7Xo6g==
  dependencies:
    loose-envify "^1.1.0"
    scheduler "^0.23.0"

react-refresh@^0.14.0:
  version "0.14.0"
  resolved "https://registry.yarnpkg.com/react-refresh/-/react-refresh-0.14.0.tgz#4e02825378a5f227079554d4284889354e5f553e"
  integrity sha512-wViHqhAd8OHeLS/IRMJjTSDHF3U9eWi62F/MledQGPdJGDhodXJ9PBLNGr6WWL7qlH12Mt3TyTpbS+hGXMjCzQ==

react@^18.2.0:
  version "18.2.0"
  resolved "https://registry.yarnpkg.com/react/-/react-18.2.0.tgz#555bd98592883255fa00de14f1151a917b5d77d5"
  integrity sha512-/3IjMdb2L9QbBdWiW5e3P2/npwMBaU9mHCSCUzNln0ZCYbcfTsGbTJrU/kGemdH2IWmB2ioZ+zkxtmq6g09fGQ==
  dependencies:
    loose-envify "^1.1.0"

scheduler@^0.23.0:
  version "0.23.0"
  resolved "https://registry.yarnpkg.com/scheduler/-/scheduler-0.23.0.tgz#ba8041afc3d30eb206a487b6b384002e4e61fdfe"
  integrity sha512-CtuThmgHNg7zIZWAXi3AsyIzA3n4xx7aNyjwC2VJldO2LMVDhFK+63xGqq6CsJH4rTAt6/M+N4GhZiDYPx9eUw==
  dependencies:
    loose-envify "^1.1.0"

source-map-js@^1.2.0:
  version "1.2.0"
  resolved "https://registry.yarnpkg.com/source-map-js/-/source-map-js-1.2.0.tgz#16b809c162517b5b8c3e7dcd315a2a5c2612b2af"
  integrity sha512-itJW8lvSA0TXEphiRoawsCksnlf8SyvmFzIhltqAHluXd88pkCd+cXJVHTDwdCr0IzwptSm035IHQktUu1QUMg==

tapable@2.2.1, tapable@^2.0.0, tapable@^2.2.0:
  version "2.2.1"
  resolved "https://registry.yarnpkg.com/tapable/-/tapable-2.2.1.tgz#1967a73ef4060a82f12ab96af86d52fdb76eeca0"
  integrity sha512-GNzQvQTOIP6RyTfE2Qxb8ZVlNmw0n88vp1szwWRimP02mnTsx3Wtn5qRdqY9w2XduFNUgvOwhNnQsjwCp+kqaQ==

tslib@^2.4.0:
  version "2.6.2"
  resolved "https://registry.yarnpkg.com/tslib/-/tslib-2.6.2.tgz#703ac29425e7b37cd6fd456e92404d46d1f3e4ae"
  integrity sha512-AEYxH93jGFPn/a2iVAwW87VuUIkR1FVUKB77NwMF7nBTDkDrrT/Hpt/IrCJ0QXhW27jTBDcf5ZY7w6RiqTMw2Q==

typescript@^5.4.2:
  version "5.4.3"
  resolved "https://registry.yarnpkg.com/typescript/-/typescript-5.4.3.tgz#5c6fedd4c87bee01cd7a528a30145521f8e0feff"
  integrity sha512-KrPd3PKaCLr78MalgiwJnA25Nm8HAmdwN3mYUYZgG/wizIo9EainNVQI9/yDavtVFRN2h3k8uf3GLHuhDMgEHg==

update-browserslist-db@^1.0.13:
  version "1.0.13"
  resolved "https://registry.yarnpkg.com/update-browserslist-db/-/update-browserslist-db-1.0.13.tgz#3c5e4f5c083661bd38ef64b6328c26ed6c8248c4"
  integrity sha512-xebP81SNcPuNpPP3uzeW1NYXxI3rxyJzF3pD6sH4jE7o/IX+WtSpwnVU+qIsDPyk0d3hmFQ7mjqc6AtV604hbg==
  dependencies:
    escalade "^3.1.1"
    picocolors "^1.0.0"

watchpack@^2.4.0:
  version "2.4.1"
  resolved "https://registry.yarnpkg.com/watchpack/-/watchpack-2.4.1.tgz#29308f2cac150fa8e4c92f90e0ec954a9fed7fff"
  integrity sha512-8wrBCMtVhqcXP2Sup1ctSkga6uc2Bx0IIvKyT7yTFier5AXHooSI+QyQQAtTb7+E0IUCCKyTFmXqdqgum2XWGg==
  dependencies:
    glob-to-regexp "^0.4.1"
    graceful-fs "^4.1.2"

webpack-sources@3.2.3:
  version "3.2.3"
  resolved "https://registry.yarnpkg.com/webpack-sources/-/webpack-sources-3.2.3.tgz#2d4daab8451fd4b240cc27055ff6a0c2ccea0cde"
  integrity sha512-/DyMEOrDgLKKIG0fmvtz+4dUX/3Ghozwgm6iPp8KRhvn+eQf9+Q7GWxVNMk3+uCPWfdXYC4ExGBckIXdFEfH1w==

zod-validation-error@1.3.1:
  version "1.3.1"
  resolved "https://registry.yarnpkg.com/zod-validation-error/-/zod-validation-error-1.3.1.tgz#7134579d2ba3994495133b879a076786c8c270f5"
  integrity sha512-cNEXpla+tREtNdAnNKY4xKY1SGOn2yzyuZMu4O0RQylX9apRpUjNcPkEc3uHIAr5Ct7LenjZt6RzjEH6+JsqVQ==

zod@^3.21.4:
  version "3.22.4"
  resolved "https://registry.yarnpkg.com/zod/-/zod-3.22.4.tgz#f31c3a9386f61b1f228af56faa9255e845cf3fff"
  integrity sha512-iC+8Io04lddc+mVqQ9AZ7OQ2MrUKGN+oIQyq1vemgt46jwCwLfhq7/pwnBnNXXXZb8VTVLKwp9EDkx+ryxIWmg==
